
Microsoft Visual Studio Solution File, Format Version 12.00
# Visual Studio 2012
Project("{FAE04EC0-301F-11D3-BF4B-00C04F79EFBC}") = "DynamicInputs", "DynamicInputs\DynamicInputs.csproj", "{DEBBDEEE-C0E5-43F7-A27A-1E7DD668878F}"
EndProject
Project("{FAE04EC0-301F-11D3-BF4B-00C04F79EFBC}") = "DynamicInputs.Droid", "Droid\DynamicInputs.Droid.csproj", "{0885B8DF-9302-4CD1-836B-827473D6ECEB}"
EndProject
Project("{FAE04EC0-301F-11D3-BF4B-00C04F79EFBC}") = "DynamicInputs.iOS", "iOS\DynamicInputs.iOS.csproj", "{9D26E96A-0A5B-463F-8B03-60090E82FE70}"
EndProject
Global
	GlobalSection(SolutionConfigurationPlatforms) = preSolution
		Debug|Any CPU = Debug|Any CPU
		Release|Any CPU = Release|Any CPU
		Debug|iPhoneSimulator = Debug|iPhoneSimulator
		Release|iPhone = Release|iPhone
		Release|iPhoneSimulator = Release|iPhoneSimulator
		Debug|iPhone = Debug|iPhone
	EndGlobalSection
	GlobalSection(ProjectConfigurationPlatforms) = postSolution
		{DEBBDEEE-C0E5-43F7-A27A-1E7DD668878F}.Debug|Any CPU.ActiveCfg = Debug|Any CPU
		{DEBBDEEE-C0E5-43F7-A27A-1E7DD668878F}.Debug|Any CPU.Build.0 = Debug|Any CPU
		{DEBBDEEE-C0E5-43F7-A27A-1E7DD668878F}.Release|Any CPU.ActiveCfg = Release|Any CPU
		{DEBBDEEE-C0E5-43F7-A27A-1E7DD668878F}.Release|Any CPU.Build.0 = Release|Any CPU
		{DEBBDEEE-C0E5-43F7-A27A-1E7DD668878F}.Debug|iPhoneSimulator.ActiveCfg = Debug|Any CPU
		{DEBBDEEE-C0E5-43F7-A27A-1E7DD668878F}.Debug|iPhoneSimulator.Build.0 = Debug|Any CPU
		{DEBBDEEE-C0E5-43F7-A27A-1E7DD668878F}.Release|iPhone.ActiveCfg = Release|Any CPU
		{DEBBDEEE-C0E5-43F7-A27A-1E7DD668878F}.Release|iPhone.Build.0 = Release|Any CPU
		{DEBBDEEE-C0E5-43F7-A27A-1E7DD668878F}.Release|iPhoneSimulator.ActiveCfg = Release|Any CPU
		{DEBBDEEE-C0E5-43F7-A27A-1E7DD668878F}.Release|iPhoneSimulator.Build.0 = Release|Any CPU
		{DEBBDEEE-C0E5-43F7-A27A-1E7DD668878F}.Debug|iPhone.ActiveCfg = Debug|Any CPU
		{DEBBDEEE-C0E5-43F7-A27A-1E7DD668878F}.Debug|iPhone.Build.0 = Debug|Any CPU
		{0885B8DF-9302-4CD1-836B-827473D6ECEB}.Debug|Any CPU.ActiveCfg = Debug|Any CPU
		{0885B8DF-9302-4CD1-836B-827473D6ECEB}.Debug|Any CPU.Build.0 = Debug|Any CPU
		{0885B8DF-9302-4CD1-836B-827473D6ECEB}.Release|Any CPU.ActiveCfg = Release|Any CPU
		{0885B8DF-9302-4CD1-836B-827473D6ECEB}.Release|Any CPU.Build.0 = Release|Any CPU
		{0885B8DF-9302-4CD1-836B-827473D6ECEB}.Debug|iPhoneSimulator.ActiveCfg = Debug|Any CPU
		{0885B8DF-9302-4CD1-836B-827473D6ECEB}.Debug|iPhoneSimulator.Build.0 = Debug|Any CPU
		{0885B8DF-9302-4CD1-836B-827473D6ECEB}.Release|iPhone.ActiveCfg = Release|Any CPU
		{0885B8DF-9302-4CD1-836B-827473D6ECEB}.Release|iPhone.Build.0 = Release|Any CPU
		{0885B8DF-9302-4CD1-836B-827473D6ECEB}.Release|iPhoneSimulator.ActiveCfg = Release|Any CPU
		{0885B8DF-9302-4CD1-836B-827473D6ECEB}.Release|iPhoneSimulator.Build.0 = Release|Any CPU
		{0885B8DF-9302-4CD1-836B-827473D6ECEB}.Debug|iPhone.ActiveCfg = Debug|Any CPU
		{0885B8DF-9302-4CD1-836B-827473D6ECEB}.Debug|iPhone.Build.0 = Debug|Any CPU
		{9D26E96A-0A5B-463F-8B03-60090E82FE70}.Debug|Any CPU.ActiveCfg = Debug|iPhoneSimulator
		{9D26E96A-0A5B-463F-8B03-60090E82FE70}.Debug|Any CPU.Build.0 = Debug|iPhoneSimulator
		{9D26E96A-0A5B-463F-8B03-60090E82FE70}.Release|Any CPU.ActiveCfg = Release|iPhone
		{9D26E96A-0A5B-463F-8B03-60090E82FE70}.Release|Any CPU.Build.0 = Release|iPhone
		{9D26E96A-0A5B-463F-8B03-60090E82FE70}.Debug|iPhoneSimulator.ActiveCfg = Debug|iPhoneSimulator
		{9D26E96A-0A5B-463F-8B03-60090E82FE70}.Debug|iPhoneSimulator.Build.0 = Debug|iPhoneSimulator
		{9D26E96A-0A5B-463F-8B03-60090E82FE70}.Release|iPhone.ActiveCfg = Release|iPhone
		{9D26E96A-0A5B-463F-8B03-60090E82FE70}.Release|iPhone.Build.0 = Release|iPhone
		{9D26E96A-0A5B-463F-8B03-60090E82FE70}.Release|iPhoneSimulator.ActiveCfg = Release|iPhoneSimulator
		{9D26E96A-0A5B-463F-8B03-60090E82FE70}.Release|iPhoneSimulator.Build.0 = Release|iPhoneSimulator
		{9D26E96A-0A5B-463F-8B03-60090E82FE70}.Debug|iPhone.ActiveCfg = Debug|iPhone
		{9D26E96A-0A5B-463F-8B03-60090E82FE70}.Debug|iPhone.Build.0 = Debug|iPhone
	EndGlobalSection
EndGlobal
